// !$*UTF8*$!
{
	archiveVersion = 1;
	classes = {
	};
	objectVersion = 48;
	objects = {

/* Begin PBXBuildFile section */
		272789F51FD18C6A00D2B781 /* IfViewController.swift in Sources */ = {isa = PBXBuildFile; fileRef = 272789F41FD18C6A00D2B781 /* IfViewController.swift */; };
		278669EE1FD168CA00AE114A /* AlgorithmViewController.swift in Sources */ = {isa = PBXBuildFile; fileRef = 278669ED1FD168CA00AE114A /* AlgorithmViewController.swift */; };
		27A31E101FD00257007551E1 /* WhileViewController.swift in Sources */ = {isa = PBXBuildFile; fileRef = 27A31E0F1FD00257007551E1 /* WhileViewController.swift */; };
		27A31E121FD01DED007551E1 /* BaseViewController.swift in Sources */ = {isa = PBXBuildFile; fileRef = 27A31E111FD01DED007551E1 /* BaseViewController.swift */; };
		27BCBB401FCFE5C100617E0C /* AppDelegate.swift in Sources */ = {isa = PBXBuildFile; fileRef = 27BCBB3F1FCFE5C100617E0C /* AppDelegate.swift */; };
		27BCBB451FCFE5C100617E0C /* Main.storyboard in Resources */ = {isa = PBXBuildFile; fileRef = 27BCBB431FCFE5C100617E0C /* Main.storyboard */; };
		27BCBB471FCFE5C100617E0C /* Assets.xcassets in Resources */ = {isa = PBXBuildFile; fileRef = 27BCBB461FCFE5C100617E0C /* Assets.xcassets */; };
		27BCBB4A1FCFE5C100617E0C /* LaunchScreen.storyboard in Resources */ = {isa = PBXBuildFile; fileRef = 27BCBB481FCFE5C100617E0C /* LaunchScreen.storyboard */; };
		F45FDE69AC1513C82DEAD17F /* Pods_teachokiddo.framework in Frameworks */ = {isa = PBXBuildFile; fileRef = 12384207F8B6592F19C7028E /* Pods_teachokiddo.framework */; };
/* End PBXBuildFile section */

/* Begin PBXFileReference section */
		12384207F8B6592F19C7028E /* Pods_teachokiddo.framework */ = {isa = PBXFileReference; explicitFileType = wrapper.framework; includeInIndex = 0; path = Pods_teachokiddo.framework; sourceTree = BUILT_PRODUCTS_DIR; };
		272789F41FD18C6A00D2B781 /* IfViewController.swift */ = {isa = PBXFileReference; lastKnownFileType = sourcecode.swift; path = IfViewController.swift; sourceTree = "<group>"; };
		278669ED1FD168CA00AE114A /* AlgorithmViewController.swift */ = {isa = PBXFileReference; lastKnownFileType = sourcecode.swift; path = AlgorithmViewController.swift; sourceTree = "<group>"; };
		27A31E0F1FD00257007551E1 /* WhileViewController.swift */ = {isa = PBXFileReference; lastKnownFileType = sourcecode.swift; path = WhileViewController.swift; sourceTree = "<group>"; };
		27A31E111FD01DED007551E1 /* BaseViewController.swift */ = {isa = PBXFileReference; lastKnownFileType = sourcecode.swift; path = BaseViewController.swift; sourceTree = "<group>"; };
		27BCBB3C1FCFE5C100617E0C /* teachokiddo.app */ = {isa = PBXFileReference; explicitFileType = wrapper.application; includeInIndex = 0; path = teachokiddo.app; sourceTree = BUILT_PRODUCTS_DIR; };
		27BCBB3F1FCFE5C100617E0C /* AppDelegate.swift */ = {isa = PBXFileReference; lastKnownFileType = sourcecode.swift; path = AppDelegate.swift; sourceTree = "<group>"; };
		27BCBB441FCFE5C100617E0C /* Base */ = {isa = PBXFileReference; lastKnownFileType = file.storyboard; name = Base; path = Base.lproj/Main.storyboard; sourceTree = "<group>"; };
		27BCBB461FCFE5C100617E0C /* Assets.xcassets */ = {isa = PBXFileReference; lastKnownFileType = folder.assetcatalog; path = Assets.xcassets; sourceTree = "<group>"; };
		27BCBB491FCFE5C100617E0C /* Base */ = {isa = PBXFileReference; lastKnownFileType = file.storyboard; name = Base; path = Base.lproj/LaunchScreen.storyboard; sourceTree = "<group>"; };
		27BCBB4B1FCFE5C100617E0C /* Info.plist */ = {isa = PBXFileReference; lastKnownFileType = text.plist.xml; path = Info.plist; sourceTree = "<group>"; };
		CE16A7B771A7CC1ADC79FB8E /* Pods-teachokiddo.release.xcconfig */ = {isa = PBXFileReference; includeInIndex = 1; lastKnownFileType = text.xcconfig; name = "Pods-teachokiddo.release.xcconfig"; path = "Pods/Target Support Files/Pods-teachokiddo/Pods-teachokiddo.release.xcconfig"; sourceTree = "<group>"; };
		E16879F4BBAC2911A3001755 /* Pods-teachokiddo.debug.xcconfig */ = {isa = PBXFileReference; includeInIndex = 1; lastKnownFileType = text.xcconfig; name = "Pods-teachokiddo.debug.xcconfig"; path = "Pods/Target Support Files/Pods-teachokiddo/Pods-teachokiddo.debug.xcconfig"; sourceTree = "<group>"; };
/* End PBXFileReference section */

/* Begin PBXFrameworksBuildPhase section */
		27BCBB391FCFE5C100617E0C /* Frameworks */ = {
			isa = PBXFrameworksBuildPhase;
			buildActionMask = 2147483647;
			files = (
				F45FDE69AC1513C82DEAD17F /* Pods_teachokiddo.framework in Frameworks */,
			);
			runOnlyForDeploymentPostprocessing = 0;
		};
/* End PBXFrameworksBuildPhase section */

/* Begin PBXGroup section */
		10AD1B7D8D424E424CBC517B /* Pods */ = {
			isa = PBXGroup;
			children = (
				E16879F4BBAC2911A3001755 /* Pods-teachokiddo.debug.xcconfig */,
				CE16A7B771A7CC1ADC79FB8E /* Pods-teachokiddo.release.xcconfig */,
			);
			name = Pods;
			sourceTree = "<group>";
		};
		27BCBB331FCFE5C100617E0C = {
			isa = PBXGroup;
			children = (
				27BCBB3E1FCFE5C100617E0C /* teachokiddo */,
				27BCBB3D1FCFE5C100617E0C /* Products */,
				10AD1B7D8D424E424CBC517B /* Pods */,
				58213721503B5B9CC502D2B3 /* Frameworks */,
			);
			sourceTree = "<group>";
		};
		27BCBB3D1FCFE5C100617E0C /* Products */ = {
			isa = PBXGroup;
			children = (
				27BCBB3C1FCFE5C100617E0C /* teachokiddo.app */,
			);
			name = Products;
			sourceTree = "<group>";
		};
		27BCBB3E1FCFE5C100617E0C /* teachokiddo */ = {
			isa = PBXGroup;
			children = (
				27BCBB3F1FCFE5C100617E0C /* AppDelegate.swift */,
				27BCBB431FCFE5C100617E0C /* Main.storyboard */,
				27BCBB461FCFE5C100617E0C /* Assets.xcassets */,
				27BCBB481FCFE5C100617E0C /* LaunchScreen.storyboard */,
				27BCBB4B1FCFE5C100617E0C /* Info.plist */,
				27A31E0F1FD00257007551E1 /* WhileViewController.swift */,
				27A31E111FD01DED007551E1 /* BaseViewController.swift */,
				278669ED1FD168CA00AE114A /* AlgorithmViewController.swift */,
				272789F41FD18C6A00D2B781 /* IfViewController.swift */,
			);
			path = teachokiddo;
			sourceTree = "<group>";
		};
		58213721503B5B9CC502D2B3 /* Frameworks */ = {
			isa = PBXGroup;
			children = (
				12384207F8B6592F19C7028E /* Pods_teachokiddo.framework */,
			);
			name = Frameworks;
			sourceTree = "<group>";
		};
/* End PBXGroup section */

/* Begin PBXNativeTarget section */
		27BCBB3B1FCFE5C100617E0C /* teachokiddo */ = {
			isa = PBXNativeTarget;
			buildConfigurationList = 27BCBB4E1FCFE5C100617E0C /* Build configuration list for PBXNativeTarget "teachokiddo" */;
			buildPhases = (
				F2668358104F00100291B8D1 /* [CP] Check Pods Manifest.lock */,
				27BCBB381FCFE5C100617E0C /* Sources */,
				27BCBB391FCFE5C100617E0C /* Frameworks */,
				27BCBB3A1FCFE5C100617E0C /* Resources */,
				B7A36674975A62765E1FC3DC /* [CP] Embed Pods Frameworks */,
				51219AF2BFC6B125AFF114BA /* [CP] Copy Pods Resources */,
			);
			buildRules = (
			);
			dependencies = (
			);
			name = teachokiddo;
			productName = teachokiddo;
			productReference = 27BCBB3C1FCFE5C100617E0C /* teachokiddo.app */;
			productType = "com.apple.product-type.application";
		};
/* End PBXNativeTarget section */

/* Begin PBXProject section */
		27BCBB341FCFE5C100617E0C /* Project object */ = {
			isa = PBXProject;
			attributes = {
				LastSwiftUpdateCheck = 0920;
				LastUpgradeCheck = 0920;
				ORGANIZATIONNAME = "Efe Helvaci";
				TargetAttributes = {
					27BCBB3B1FCFE5C100617E0C = {
						CreatedOnToolsVersion = 9.2;
						ProvisioningStyle = Automatic;
					};
				};
			};
			buildConfigurationList = 27BCBB371FCFE5C100617E0C /* Build configuration list for PBXProject "teachokiddo" */;
			compatibilityVersion = "Xcode 8.0";
			developmentRegion = en;
			hasScannedForEncodings = 0;
			knownRegions = (
				en,
				Base,
			);
			mainGroup = 27BCBB331FCFE5C100617E0C;
			productRefGroup = 27BCBB3D1FCFE5C100617E0C /* Products */;
			projectDirPath = "";
			projectRoot = "";
			targets = (
				27BCBB3B1FCFE5C100617E0C /* teachokiddo */,
			);
		};
/* End PBXProject section */

/* Begin PBXResourcesBuildPhase section */
		27BCBB3A1FCFE5C100617E0C /* Resources */ = {
			isa = PBXResourcesBuildPhase;
			buildActionMask = 2147483647;
			files = (
				27BCBB4A1FCFE5C100617E0C /* LaunchScreen.storyboard in Resources */,
				27BCBB471FCFE5C100617E0C /* Assets.xcassets in Resources */,
				27BCBB451FCFE5C100617E0C /* Main.storyboard in Resources */,
			);
			runOnlyForDeploymentPostprocessing = 0;
		};
/* End PBXResourcesBuildPhase section */

/* Begin PBXShellScriptBuildPhase section */
		51219AF2BFC6B125AFF114BA /* [CP] Copy Pods Resources */ = {
			isa = PBXShellScriptBuildPhase;
			buildActionMask = 2147483647;
			files = (
			);
			inputPaths = (
			);
			name = "[CP] Copy Pods Resources";
			outputPaths = (
			);
			runOnlyForDeploymentPostprocessing = 0;
			shellPath = /bin/sh;
			shellScript = "\"${SRCROOT}/Pods/Target Support Files/Pods-teachokiddo/Pods-teachokiddo-resources.sh\"\n";
			showEnvVarsInLog = 0;
		};
		B7A36674975A62765E1FC3DC /* [CP] Embed Pods Frameworks */ = {
			isa = PBXShellScriptBuildPhase;
			buildActionMask = 2147483647;
			files = (
			);
			inputPaths = (
				"${SRCROOT}/Pods/Target Support Files/Pods-teachokiddo/Pods-teachokiddo-frameworks.sh",
				"${BUILT_PRODUCTS_DIR}/MBCircularProgressBar/MBCircularProgressBar.framework",
				"${BUILT_PRODUCTS_DIR}/SwifterSwift/SwifterSwift.framework",
			);
			name = "[CP] Embed Pods Frameworks";
			outputPaths = (
				"${TARGET_BUILD_DIR}/${FRAMEWORKS_FOLDER_PATH}/MBCircularProgressBar.framework",
				"${TARGET_BUILD_DIR}/${FRAMEWORKS_FOLDER_PATH}/SwifterSwift.framework",
			);
			runOnlyForDeploymentPostprocessing = 0;
			shellPath = /bin/sh;
			shellScript = "\"${SRCROOT}/Pods/Target Support Files/Pods-teachokiddo/Pods-teachokiddo-frameworks.sh\"\n";
			showEnvVarsInLog = 0;
		};
		F2668358104F00100291B8D1 /* [CP] Check Pods Manifest.lock */ = {
			isa = PBXShellScriptBuildPhase;
			buildActionMask = 2147483647;
			files = (
			);
			inputPaths = (
				"${PODS_PODFILE_DIR_PATH}/Podfile.lock",
				"${PODS_ROOT}/Manifest.lock",
			);
			name = "[CP] Check Pods Manifest.lock";
			outputPaths = (
				"$(DERIVED_FILE_DIR)/Pods-teachokiddo-checkManifestLockResult.txt",
			);
			runOnlyForDeploymentPostprocessing = 0;
			shellPath = /bin/sh;
			shellScript = "diff \"${PODS_PODFILE_DIR_PATH}/Podfile.lock\" \"${PODS_ROOT}/Manifest.lock\" > /dev/null\nif [ $? != 0 ] ; then\n    # print error to STDERR\n    echo \"error: The sandbox is not in sync with the Podfile.lock. Run 'pod install' or update your CocoaPods installation.\" >&2\n    exit 1\nfi\n# This output is used by Xcode 'outputs' to avoid re-running this script phase.\necho \"SUCCESS\" > \"${SCRIPT_OUTPUT_FILE_0}\"\n";
			showEnvVarsInLog = 0;
		};
/* End PBXShellScriptBuildPhase section */

/* Begin PBXSourcesBuildPhase section */
		27BCBB381FCFE5C100617E0C /* Sources */ = {
			isa = PBXSourcesBuildPhase;
			buildActionMask = 2147483647;
			files = (
				27A31E101FD00257007551E1 /* WhileViewController.swift in Sources */,
				27BCBB401FCFE5C100617E0C /* AppDelegate.swift in Sources */,
				278669EE1FD168CA00AE114A /* AlgorithmViewController.swift in Sources */,
				272789F51FD18C6A00D2B781 /* IfViewController.swift in Sources */,
				27A31E121FD01DED007551E1 /* BaseViewController.swift in Sources */,
			);
			runOnlyForDeploymentPostprocessing = 0;
		};
/* End PBXSourcesBuildPhase section */

/* Begin PBXVariantGroup section */
		27BCBB431FCFE5C100617E0C /* Main.storyboard */ = {
			isa = PBXVariantGroup;
			children = (
				27BCBB441FCFE5C100617E0C /* Base */,
			);
			name = Main.storyboard;
			sourceTree = "<group>";
		};
		27BCBB481FCFE5C100617E0C /* LaunchScreen.storyboard */ = {
			isa = PBXVariantGroup;
			children = (
				27BCBB491FCFE5C100617E0C /* Base */,
			);
			name = LaunchScreen.storyboard;
			sourceTree = "<group>";
		};
/* End PBXVariantGroup section */

/* Begin XCBuildConfiguration section */
		27BCBB4C1FCFE5C100617E0C /* Debug */ = {
			isa = XCBuildConfiguration;
			buildSettings = {
				ALWAYS_SEARCH_USER_PATHS = NO;
				CLANG_ANALYZER_NONNULL = YES;
				CLANG_ANALYZER_NUMBER_OBJECT_CONVERSION = YES_AGGRESSIVE;
				CLANG_CXX_LANGUAGE_STANDARD = "gnu++14";
				CLANG_CXX_LIBRARY = "libc++";
				CLANG_ENABLE_MODULES = YES;
				CLANG_ENABLE_OBJC_ARC = YES;
				CLANG_WARN_BLOCK_CAPTURE_AUTORELEASING = YES;
				CLANG_WARN_BOOL_CONVERSION = YES;
				CLANG_WARN_COMMA = YES;
				CLANG_WARN_CONSTANT_CONVERSION = YES;
				CLANG_WARN_DIRECT_OBJC_ISA_USAGE = YES_ERROR;
				CLANG_WARN_DOCUMENTATION_COMMENTS = YES;
				CLANG_WARN_EMPTY_BODY = YES;
				CLANG_WARN_ENUM_CONVERSION = YES;
				CLANG_WARN_INFINITE_RECURSION = YES;
				CLANG_WARN_INT_CONVERSION = YES;
				CLANG_WARN_NON_LITERAL_NULL_CONVERSION = YES;
				CLANG_WARN_OBJC_LITERAL_CONVERSION = YES;
				CLANG_WARN_OBJC_ROOT_CLASS = YES_ERROR;
				CLANG_WARN_RANGE_LOOP_ANALYSIS = YES;
				CLANG_WARN_STRICT_PROTOTYPES = YES;
				CLANG_WARN_SUSPICIOUS_MOVE = YES;
				CLANG_WARN_UNGUARDED_AVAILABILITY = YES_AGGRESSIVE;
				CLANG_WARN_UNREACHABLE_CODE = YES;
				CLANG_WARN__DUPLICATE_METHOD_MATCH = YES;
				CODE_SIGN_IDENTITY = "iPhone Developer";
				COPY_PHASE_STRIP = NO;
				DEBUG_INFORMATION_FORMAT = dwarf;
				ENABLE_STRICT_OBJC_MSGSEND = YES;
				ENABLE_TESTABILITY = YES;
				GCC_C_LANGUAGE_STANDARD = gnu11;
				GCC_DYNAMIC_NO_PIC = NO;
				GCC_NO_COMMON_BLOCKS = YES;
				GCC_OPTIMIZATION_LEVEL = 0;
				GCC_PREPROCESSOR_DEFINITIONS = (
					"DEBUG=1",
					"$(inherited)",
				);
				GCC_WARN_64_TO_32_BIT_CONVERSION = YES;
				GCC_WARN_ABOUT_RETURN_TYPE = YES_ERROR;
				GCC_WARN_UNDECLARED_SELECTOR = YES;
				GCC_WARN_UNINITIALIZED_AUTOS = YES_AGGRESSIVE;
				GCC_WARN_UNUSED_FUNCTION = YES;
				GCC_WARN_UNUSED_VARIABLE = YES;
				IPHONEOS_DEPLOYMENT_TARGET = 11.2;
				MTL_ENABLE_DEBUG_INFO = YES;
				ONLY_ACTIVE_ARCH = YES;
				SDKROOT = iphoneos;
				SWIFT_ACTIVE_COMPILATION_CONDITIONS = DEBUG;
				SWIFT_OPTIMIZATION_LEVEL = "-Onone";
			};
			name = Debug;
		};
		27BCBB4D1FCFE5C100617E0C /* Release */ = {
			isa = XCBuildConfiguration;
			buildSettings = {
				ALWAYS_SEARCH_USER_PATHS = NO;
				CLANG_ANALYZER_NONNULL = YES;
				CLANG_ANALYZER_NUMBER_OBJECT_CONVERSION = YES_AGGRESSIVE;
				CLANG_CXX_LANGUAGE_STANDARD = "gnu++14";
				CLANG_CXX_LIBRARY = "libc++";
				CLANG_ENABLE_MODULES = YES;
				CLANG_ENABLE_OBJC_ARC = YES;
				CLANG_WARN_BLOCK_CAPTURE_AUTORELEASING = YES;
				CLANG_WARN_BOOL_CONVERSION = YES;
				CLANG_WARN_COMMA = YES;
				CLANG_WARN_CONSTANT_CONVERSION = YES;
				CLANG_WARN_DIRECT_OBJC_ISA_USAGE = YES_ERROR;
				CLANG_WARN_DOCUMENTATION_COMMENTS = YES;
				CLANG_WARN_EMPTY_BODY = YES;
				CLANG_WARN_ENUM_CONVERSION = YES;
				CLANG_WARN_INFINITE_RECURSION = YES;
				CLANG_WARN_INT_CONVERSION = YES;
				CLANG_WARN_NON_LITERAL_NULL_CONVERSION = YES;
				CLANG_WARN_OBJC_LITERAL_CONVERSION = YES;
				CLANG_WARN_OBJC_ROOT_CLASS = YES_ERROR;
				CLANG_WARN_RANGE_LOOP_ANALYSIS = YES;
				CLANG_WARN_STRICT_PROTOTYPES = YES;
				CLANG_WARN_SUSPICIOUS_MOVE = YES;
				CLANG_WARN_UNGUARDED_AVAILABILITY = YES_AGGRESSIVE;
				CLANG_WARN_UNREACHABLE_CODE = YES;
				CLANG_WARN__DUPLICATE_METHOD_MATCH = YES;
				CODE_SIGN_IDENTITY = "iPhone Developer";
				COPY_PHASE_STRIP = NO;
				DEBUG_INFORMATION_FORMAT = "dwarf-with-dsym";
				ENABLE_NS_ASSERTIONS = NO;
				ENABLE_STRICT_OBJC_MSGSEND = YES;
				GCC_C_LANGUAGE_STANDARD = gnu11;
				GCC_NO_COMMON_BLOCKS = YES;
				GCC_WARN_64_TO_32_BIT_CONVERSION = YES;
				GCC_WARN_ABOUT_RETURN_TYPE = YES_ERROR;
				GCC_WARN_UNDECLARED_SELECTOR = YES;
				GCC_WARN_UNINITIALIZED_AUTOS = YES_AGGRESSIVE;
				GCC_WARN_UNUSED_FUNCTION = YES;
				GCC_WARN_UNUSED_VARIABLE = YES;
				IPHONEOS_DEPLOYMENT_TARGET = 11.2;
				MTL_ENABLE_DEBUG_INFO = NO;
				SDKROOT = iphoneos;
				SWIFT_OPTIMIZATION_LEVEL = "-Owholemodule";
				VALIDATE_PRODUCT = YES;
			};
			name = Release;
		};
		27BCBB4F1FCFE5C100617E0C /* Debug */ = {
			isa = XCBuildConfiguration;
			baseConfigurationReference = E16879F4BBAC2911A3001755 /* Pods-teachokiddo.debug.xcconfig */;
			buildSettings = {
				ASSETCATALOG_COMPILER_APPICON_NAME = AppIcon;
				CODE_SIGN_STYLE = Automatic;
				DEVELOPMENT_TEAM = NG2H4EFXTS;
				INFOPLIST_FILE = teachokiddo/Info.plist;
				IPHONEOS_DEPLOYMENT_TARGET = 11;
				LD_RUNPATH_SEARCH_PATHS = "$(inherited) @executable_path/Frameworks";
				PRODUCT_BUNDLE_IDENTIFIER = com.efehelvaci.teachokiddo;
				PRODUCT_NAME = "$(TARGET_NAME)";
				SWIFT_VERSION = 4.0;
				TARGETED_DEVICE_FAMILY = 1;
			};
			name = Debug;
		};
		27BCBB501FCFE5C100617E0C /* Release */ = {
			isa = XCBuildConfiguration;
			baseConfigurationReference = CE16A7B771A7CC1ADC79FB8E /* Pods-teachokiddo.release.xcconfig */;
			buildSettings = {
				ASSETCATALOG_COMPILER_APPICON_NAME = AppIcon;
				CODE_SIGN_STYLE = Automatic;
				DEVELOPMENT_TEAM = NG2H4EFXTS;
				INFOPLIST_FILE = teachokiddo/Info.plist;
				IPHONEOS_DEPLOYMENT_TARGET = 11;
				LD_RUNPATH_SEARCH_PATHS = "$(inherited) @executable_path/Frameworks";
				PRODUCT_BUNDLE_IDENTIFIER = com.efehelvaci.teachokiddo;
				PRODUCT_NAME = "$(TARGET_NAME)";
				SWIFT_VERSION = 4.0;
				TARGETED_DEVICE_FAMILY = 1;
			};
			name = Release;
		};
/* End XCBuildConfiguration section */

/* Begin XCConfigurationList section */
		27BCBB371FCFE5C100617E0C /* Build configuration list for PBXProject "teachokiddo" */ = {
			isa = XCConfigurationList;
			buildConfigurations = (
				27BCBB4C1FCFE5C100617E0C /* Debug */,
				27BCBB4D1FCFE5C100617E0C /* Release */,
			);
			defaultConfigurationIsVisible = 0;
			defaultConfigurationName = Release;
		};
		27BCBB4E1FCFE5C100617E0C /* Build configuration list for PBXNativeTarget "teachokiddo" */ = {
			isa = XCConfigurationList;
			buildConfigurations = (
				27BCBB4F1FCFE5C100617E0C /* Debug */,
				27BCBB501FCFE5C100617E0C /* Release */,
			);
			defaultConfigurationIsVisible = 0;
			defaultConfigurationName = Release;
		};
/* End XCConfigurationList section */
	};
	rootObject = 27BCBB341FCFE5C100617E0C /* Project object */;
}
